NeoBundleLock neobundle.vim 1306c131ff0a6cc094b7ff0727350e442b5427f1
NeoBundleLock tagbar 387bbadda98e1376ff3871aa461b1f0abd4ece70
NeoBundleLock unite-outline 595129742f9a1dbf4cdcc44344552759068d5468
NeoBundleLock unite.vim 7ed231f2dbceb82b3ed81dc5ef999c94c2528586
NeoBundleLock vim-go-extra e695cf986c1ee9d16449bd37228ee8c9fa796783
NeoBundleLock vim-godef a679733999fce6a566704a4df15f6813a900e8a9
NeoBundleLock vimfiler edbb2f2e6baa66c51f73a82afa2bb740415a64ea
NeoBundleLock vimproc 2300224d366642f4f8d6f88861535d4ccbe20143
